
Microsoft Visual Studio Solution File, Format Version 12.00
# Visual Studio Version 17
VisualStudioVersion = 17.5.33414.496
MinimumVisualStudioVersion = 10.0.40219.1
Project("{FAE04EC0-301F-11D3-BF4B-00C04F79EFBC}") = "EnvioBack", "EnvioBack\EnvioBack.csproj", "{2FD015F1-B964-4C6A-AFCD-FC61B6656BF2}"
EndProject
Global
	GlobalSection(SolutionConfigurationPlatforms) = preSolution
		Debug|Any CPU = Debug|Any CPU
		Release|Any CPU = Release|Any CPU
	EndGlobalSection
	GlobalSection(ProjectConfigurationPlatforms) = postSolution
		{2FD015F1-B964-4C6A-AFCD-FC61B6656BF2}.Debug|Any CPU.ActiveCfg = Debug|Any CPU
		{2FD015F1-B964-4C6A-AFCD-FC61B6656BF2}.Debug|Any CPU.Build.0 = Debug|Any CPU
		{2FD015F1-B964-4C6A-AFCD-FC61B6656BF2}.Release|Any CPU.ActiveCfg = Release|Any CPU
		{2FD015F1-B964-4C6A-AFCD-FC61B6656BF2}.Release|Any CPU.Build.0 = Release|Any CPU
	EndGlobalSection
	GlobalSection(SolutionProperties) = preSolution
		HideSolutionNode = FALSE
	EndGlobalSection
	GlobalSection(ExtensibilityGlobals) = postSolution
		SolutionGuid = {E1F1477B-1266-4CBD-A104-D10A8ECA2AAC}
	EndGlobalSection
EndGlobal
